// !$*UTF8*$!
{
	archiveVersion = 1;
	classes = {
	};
	objectVersion = 56;
	objects = {

/* Begin PBXBuildFile section */
		F9EF8AF42C43CD4C00AB9957 /* App721App.swift in Sources */ = {isa = PBXBuildFile; fileRef = F9EF8AF32C43CD4C00AB9957 /* App721App.swift */; };
		F9EF8AF62C43CD4C00AB9957 /* ContentView.swift in Sources */ = {isa = PBXBuildFile; fileRef = F9EF8AF52C43CD4C00AB9957 /* ContentView.swift */; };
		F9EF8AF82C43CD4D00AB9957 /* Assets.xcassets in Resources */ = {isa = PBXBuildFile; fileRef = F9EF8AF72C43CD4D00AB9957 /* Assets.xcassets */; };
		F9EF8AFB2C43CD4D00AB9957 /* Preview Assets.xcassets in Resources */ = {isa = PBXBuildFile; fileRef = F9EF8AFA2C43CD4D00AB9957 /* Preview Assets.xcassets */; };
		F9EF8B032C43CDAF00AB9957 /* Launch Screen.storyboard in Resources */ = {isa = PBXBuildFile; fileRef = F9EF8B022C43CDAF00AB9957 /* Launch Screen.storyboard */; };
		F9EF8B052C43CDC900AB9957 /* LoadingView.swift in Sources */ = {isa = PBXBuildFile; fileRef = F9EF8B042C43CDC900AB9957 /* LoadingView.swift */; };
		F9EF8B0B2C43CDDB00AB9957 /* Users_1.swift in Sources */ = {isa = PBXBuildFile; fileRef = F9EF8B0A2C43CDDB00AB9957 /* Users_1.swift */; };
		F9EF8B0D2C43CDE700AB9957 /* Users_2.swift in Sources */ = {isa = PBXBuildFile; fileRef = F9EF8B0C2C43CDE700AB9957 /* Users_2.swift */; };
		F9EF8B0F2C43CDEB00AB9957 /* Users_3.swift in Sources */ = {isa = PBXBuildFile; fileRef = F9EF8B0E2C43CDEB00AB9957 /* Users_3.swift */; };
		F9EF8B112C43CDEF00AB9957 /* Reviewers_1.swift in Sources */ = {isa = PBXBuildFile; fileRef = F9EF8B102C43CDEF00AB9957 /* Reviewers_1.swift */; };
		F9EF8B132C43CDF200AB9957 /* Reviewers_2.swift in Sources */ = {isa = PBXBuildFile; fileRef = F9EF8B122C43CDF200AB9957 /* Reviewers_2.swift */; };
		F9EF8B152C43CEDD00AB9957 /* d.swift in Sources */ = {isa = PBXBuildFile; fileRef = F9EF8B142C43CEDD00AB9957 /* d.swift */; };
		F9EF8B172C43CEE300AB9957 /* super.swift in Sources */ = {isa = PBXBuildFile; fileRef = F9EF8B162C43CEE300AB9957 /* super.swift */; };
		F9EF8B192C43CEE600AB9957 /* wuper.swift in Sources */ = {isa = PBXBuildFile; fileRef = F9EF8B182C43CEE600AB9957 /* wuper.swift */; };
/* End PBXBuildFile section */

/* Begin PBXFileReference section */
		F9EF8AF02C43CD4C00AB9957 /* App721.app */ = {isa = PBXFileReference; explicitFileType = wrapper.application; includeInIndex = 0; path = App721.app; sourceTree = BUILT_PRODUCTS_DIR; };
		F9EF8AF32C43CD4C00AB9957 /* App721App.swift */ = {isa = PBXFileReference; lastKnownFileType = sourcecode.swift; path = App721App.swift; sourceTree = "<group>"; };
		F9EF8AF52C43CD4C00AB9957 /* ContentView.swift */ = {isa = PBXFileReference; lastKnownFileType = sourcecode.swift; path = ContentView.swift; sourceTree = "<group>"; };
		F9EF8AF72C43CD4D00AB9957 /* Assets.xcassets */ = {isa = PBXFileReference; lastKnownFileType = folder.assetcatalog; path = Assets.xcassets; sourceTree = "<group>"; };
		F9EF8AFA2C43CD4D00AB9957 /* Preview Assets.xcassets */ = {isa = PBXFileReference; lastKnownFileType = folder.assetcatalog; path = "Preview Assets.xcassets"; sourceTree = "<group>"; };
		F9EF8B022C43CDAF00AB9957 /* Launch Screen.storyboard */ = {isa = PBXFileReference; lastKnownFileType = file.storyboard; path = "Launch Screen.storyboard"; sourceTree = "<group>"; };
		F9EF8B042C43CDC900AB9957 /* LoadingView.swift */ = {isa = PBXFileReference; lastKnownFileType = sourcecode.swift; path = LoadingView.swift; sourceTree = "<group>"; };
		F9EF8B0A2C43CDDB00AB9957 /* Users_1.swift */ = {isa = PBXFileReference; lastKnownFileType = sourcecode.swift; path = Users_1.swift; sourceTree = "<group>"; };
		F9EF8B0C2C43CDE700AB9957 /* Users_2.swift */ = {isa = PBXFileReference; lastKnownFileType = sourcecode.swift; path = Users_2.swift; sourceTree = "<group>"; };
		F9EF8B0E2C43CDEB00AB9957 /* Users_3.swift */ = {isa = PBXFileReference; lastKnownFileType = sourcecode.swift; path = Users_3.swift; sourceTree = "<group>"; };
		F9EF8B102C43CDEF00AB9957 /* Reviewers_1.swift */ = {isa = PBXFileReference; lastKnownFileType = sourcecode.swift; path = Reviewers_1.swift; sourceTree = "<group>"; };
		F9EF8B122C43CDF200AB9957 /* Reviewers_2.swift */ = {isa = PBXFileReference; lastKnownFileType = sourcecode.swift; path = Reviewers_2.swift; sourceTree = "<group>"; };
		F9EF8B142C43CEDD00AB9957 /* d.swift */ = {isa = PBXFileReference; lastKnownFileType = sourcecode.swift; path = d.swift; sourceTree = "<group>"; };
		F9EF8B162C43CEE300AB9957 /* super.swift */ = {isa = PBXFileReference; lastKnownFileType = sourcecode.swift; path = super.swift; sourceTree = "<group>"; };
		F9EF8B182C43CEE600AB9957 /* wuper.swift */ = {isa = PBXFileReference; lastKnownFileType = sourcecode.swift; path = wuper.swift; sourceTree = "<group>"; };
/* End PBXFileReference section */

/* Begin PBXFrameworksBuildPhase section */
		F9EF8AED2C43CD4C00AB9957 /* Frameworks */ = {
			isa = PBXFrameworksBuildPhase;
			buildActionMask = 2147483647;
			files = (
			);
			runOnlyForDeploymentPostprocessing = 0;
		};
/* End PBXFrameworksBuildPhase section */

/* Begin PBXGroup section */
		F9EF8AE72C43CD4C00AB9957 = {
			isa = PBXGroup;
			children = (
				F9EF8AF22C43CD4C00AB9957 /* App721 */,
				F9EF8AF12C43CD4C00AB9957 /* Products */,
			);
			sourceTree = "<group>";
		};
		F9EF8AF12C43CD4C00AB9957 /* Products */ = {
			isa = PBXGroup;
			children = (
				F9EF8AF02C43CD4C00AB9957 /* App721.app */,
			);
			name = Products;
			sourceTree = "<group>";
		};
		F9EF8AF22C43CD4C00AB9957 /* App721 */ = {
			isa = PBXGroup;
			children = (
				F9EF8AF32C43CD4C00AB9957 /* App721App.swift */,
				F9EF8AF52C43CD4C00AB9957 /* ContentView.swift */,
				F9EF8B012C43CDA900AB9957 /* Project */,
				F9EF8AF72C43CD4D00AB9957 /* Assets.xcassets */,
				F9EF8AF92C43CD4D00AB9957 /* Preview Content */,
			);
			path = App721;
			sourceTree = "<group>";
		};
		F9EF8AF92C43CD4D00AB9957 /* Preview Content */ = {
			isa = PBXGroup;
			children = (
				F9EF8AFA2C43CD4D00AB9957 /* Preview Assets.xcassets */,
			);
			path = "Preview Content";
			sourceTree = "<group>";
		};
		F9EF8B012C43CDA900AB9957 /* Project */ = {
			isa = PBXGroup;
			children = (
				F9EF8B062C43CDCB00AB9957 /* Extensions */,
				F9EF8B022C43CDAF00AB9957 /* Launch Screen.storyboard */,
				F9EF8B042C43CDC900AB9957 /* LoadingView.swift */,
				F9EF8B072C43CDCE00AB9957 /* Splashers */,
			);
			path = Project;
			sourceTree = "<group>";
		};
		F9EF8B062C43CDCB00AB9957 /* Extensions */ = {
			isa = PBXGroup;
			children = (
				F9EF8B142C43CEDD00AB9957 /* d.swift */,
				F9EF8B162C43CEE300AB9957 /* super.swift */,
				F9EF8B182C43CEE600AB9957 /* wuper.swift */,
			);
			path = Extensions;
			sourceTree = "<group>";
		};
		F9EF8B072C43CDCE00AB9957 /* Splashers */ = {
			isa = PBXGroup;
			children = (
				F9EF8B092C43CDD700AB9957 /* Users */,
				F9EF8B082C43CDD300AB9957 /* Reviewers */,
			);
			path = Splashers;
			sourceTree = "<group>";
		};
		F9EF8B082C43CDD300AB9957 /* Reviewers */ = {
			isa = PBXGroup;
			children = (
				F9EF8B102C43CDEF00AB9957 /* Reviewers_1.swift */,
				F9EF8B122C43CDF200AB9957 /* Reviewers_2.swift */,
			);
			path = Reviewers;
			sourceTree = "<group>";
		};
		F9EF8B092C43CDD700AB9957 /* Users */ = {
			isa = PBXGroup;
			children = (
				F9EF8B0A2C43CDDB00AB9957 /* Users_1.swift */,
				F9EF8B0C2C43CDE700AB9957 /* Users_2.swift */,
				F9EF8B0E2C43CDEB00AB9957 /* Users_3.swift */,
			);
			path = Users;
			sourceTree = "<group>";
		};
/* End PBXGroup section */

/* Begin PBXNativeTarget section */
		F9EF8AEF2C43CD4C00AB9957 /* App721 */ = {
			isa = PBXNativeTarget;
			buildConfigurationList = F9EF8AFE2C43CD4D00AB9957 /* Build configuration list for PBXNativeTarget "App721" */;
			buildPhases = (
				F9EF8AEC2C43CD4C00AB9957 /* Sources */,
				F9EF8AED2C43CD4C00AB9957 /* Frameworks */,
				F9EF8AEE2C43CD4C00AB9957 /* Resources */,
			);
			buildRules = (
			);
			dependencies = (
			);
			name = App721;
			productName = App721;
			productReference = F9EF8AF02C43CD4C00AB9957 /* App721.app */;
			productType = "com.apple.product-type.application";
		};
/* End PBXNativeTarget section */

/* Begin PBXProject section */
		F9EF8AE82C43CD4C00AB9957 /* Project object */ = {
			isa = PBXProject;
			attributes = {
				BuildIndependentTargetsInParallel = 1;
				LastSwiftUpdateCheck = 1530;
				LastUpgradeCheck = 1530;
				TargetAttributes = {
					F9EF8AEF2C43CD4C00AB9957 = {
						CreatedOnToolsVersion = 15.3;
					};
				};
			};
			buildConfigurationList = F9EF8AEB2C43CD4C00AB9957 /* Build configuration list for PBXProject "App721" */;
			compatibilityVersion = "Xcode 14.0";
			developmentRegion = en;
			hasScannedForEncodings = 0;
			knownRegions = (
				en,
				Base,
			);
			mainGroup = F9EF8AE72C43CD4C00AB9957;
			productRefGroup = F9EF8AF12C43CD4C00AB9957 /* Products */;
			projectDirPath = "";
			projectRoot = "";
			targets = (
				F9EF8AEF2C43CD4C00AB9957 /* App721 */,
			);
		};
/* End PBXProject section */

/* Begin PBXResourcesBuildPhase section */
		F9EF8AEE2C43CD4C00AB9957 /* Resources */ = {
			isa = PBXResourcesBuildPhase;
			buildActionMask = 2147483647;
			files = (
				F9EF8B032C43CDAF00AB9957 /* Launch Screen.storyboard in Resources */,
				F9EF8AFB2C43CD4D00AB9957 /* Preview Assets.xcassets in Resources */,
				F9EF8AF82C43CD4D00AB9957 /* Assets.xcassets in Resources */,
			);
			runOnlyForDeploymentPostprocessing = 0;
		};
/* End PBXResourcesBuildPhase section */

/* Begin PBXSourcesBuildPhase section */
		F9EF8AEC2C43CD4C00AB9957 /* Sources */ = {
			isa = PBXSourcesBuildPhase;
			buildActionMask = 2147483647;
			files = (
				F9EF8B0F2C43CDEB00AB9957 /* Users_3.swift in Sources */,
				F9EF8B132C43CDF200AB9957 /* Reviewers_2.swift in Sources */,
				F9EF8B0D2C43CDE700AB9957 /* Users_2.swift in Sources */,
				F9EF8B192C43CEE600AB9957 /* wuper.swift in Sources */,
				F9EF8B152C43CEDD00AB9957 /* d.swift in Sources */,
				F9EF8AF62C43CD4C00AB9957 /* ContentView.swift in Sources */,
				F9EF8B112C43CDEF00AB9957 /* Reviewers_1.swift in Sources */,
				F9EF8AF42C43CD4C00AB9957 /* App721App.swift in Sources */,
				F9EF8B0B2C43CDDB00AB9957 /* Users_1.swift in Sources */,
				F9EF8B052C43CDC900AB9957 /* LoadingView.swift in Sources */,
				F9EF8B172C43CEE300AB9957 /* super.swift in Sources */,
			);
			runOnlyForDeploymentPostprocessing = 0;
		};
/* End PBXSourcesBuildPhase section */

/* Begin XCBuildConfiguration section */
		F9EF8AFC2C43CD4D00AB9957 /* Debug */ = {
			isa = XCBuildConfiguration;
			buildSettings = {
				ALWAYS_SEARCH_USER_PATHS = NO;
				ASSETCATALOG_COMPILER_GENERATE_SWIFT_ASSET_SYMBOL_EXTENSIONS = YES;
				CLANG_ANALYZER_NONNULL = YES;
				CLANG_ANALYZER_NUMBER_OBJECT_CONVERSION = YES_AGGRESSIVE;
				CLANG_CXX_LANGUAGE_STANDARD = "gnu++20";
				CLANG_ENABLE_MODULES = YES;
				CLANG_ENABLE_OBJC_ARC = YES;
				CLANG_ENABLE_OBJC_WEAK = YES;
				CLANG_WARN_BLOCK_CAPTURE_AUTORELEASING = YES;
				CLANG_WARN_BOOL_CONVERSION = YES;
				CLANG_WARN_COMMA = YES;
				CLANG_WARN_CONSTANT_CONVERSION = YES;
				CLANG_WARN_DEPRECATED_OBJC_IMPLEMENTATIONS = YES;
				CLANG_WARN_DIRECT_OBJC_ISA_USAGE = YES_ERROR;
				CLANG_WARN_DOCUMENTATION_COMMENTS = YES;
				CLANG_WARN_EMPTY_BODY = YES;
				CLANG_WARN_ENUM_CONVERSION = YES;
				CLANG_WARN_INFINITE_RECURSION = YES;
				CLANG_WARN_INT_CONVERSION = YES;
				CLANG_WARN_NON_LITERAL_NULL_CONVERSION = YES;
				CLANG_WARN_OBJC_IMPLICIT_RETAIN_SELF = YES;
				CLANG_WARN_OBJC_LITERAL_CONVERSION = YES;
				CLANG_WARN_OBJC_ROOT_CLASS = YES_ERROR;
				CLANG_WARN_QUOTED_INCLUDE_IN_FRAMEWORK_HEADER = YES;
				CLANG_WARN_RANGE_LOOP_ANALYSIS = YES;
				CLANG_WARN_STRICT_PROTOTYPES = YES;
				CLANG_WARN_SUSPICIOUS_MOVE = YES;
				CLANG_WARN_UNGUARDED_AVAILABILITY = YES_AGGRESSIVE;
				CLANG_WARN_UNREACHABLE_CODE = YES;
				CLANG_WARN__DUPLICATE_METHOD_MATCH = YES;
				COPY_PHASE_STRIP = NO;
				DEBUG_INFORMATION_FORMAT = dwarf;
				ENABLE_STRICT_OBJC_MSGSEND = YES;
				ENABLE_TESTABILITY = YES;
				ENABLE_USER_SCRIPT_SANDBOXING = YES;
				GCC_C_LANGUAGE_STANDARD = gnu17;
				GCC_DYNAMIC_NO_PIC = NO;
				GCC_NO_COMMON_BLOCKS = YES;
				GCC_OPTIMIZATION_LEVEL = 0;
				GCC_PREPROCESSOR_DEFINITIONS = (
					"DEBUG=1",
					"$(inherited)",
				);
				GCC_WARN_64_TO_32_BIT_CONVERSION = YES;
				GCC_WARN_ABOUT_RETURN_TYPE = YES_ERROR;
				GCC_WARN_UNDECLARED_SELECTOR = YES;
				GCC_WARN_UNINITIALIZED_AUTOS = YES_AGGRESSIVE;
				GCC_WARN_UNUSED_FUNCTION = YES;
				GCC_WARN_UNUSED_VARIABLE = YES;
				IPHONEOS_DEPLOYMENT_TARGET = 14.0;
				LOCALIZATION_PREFERS_STRING_CATALOGS = YES;
				MTL_ENABLE_DEBUG_INFO = INCLUDE_SOURCE;
				MTL_FAST_MATH = YES;
				ONLY_ACTIVE_ARCH = YES;
				SDKROOT = iphoneos;
				SWIFT_ACTIVE_COMPILATION_CONDITIONS = "DEBUG $(inherited)";
				SWIFT_OPTIMIZATION_LEVEL = "-Onone";
			};
			name = Debug;
		};
		F9EF8AFD2C43CD4D00AB9957 /* Release */ = {
			isa = XCBuildConfiguration;
			buildSettings = {
				ALWAYS_SEARCH_USER_PATHS = NO;
				ASSETCATALOG_COMPILER_GENERATE_SWIFT_ASSET_SYMBOL_EXTENSIONS = YES;
				CLANG_ANALYZER_NONNULL = YES;
				CLANG_ANALYZER_NUMBER_OBJECT_CONVERSION = YES_AGGRESSIVE;
				CLANG_CXX_LANGUAGE_STANDARD = "gnu++20";
				CLANG_ENABLE_MODULES = YES;
				CLANG_ENABLE_OBJC_ARC = YES;
				CLANG_ENABLE_OBJC_WEAK = YES;
				CLANG_WARN_BLOCK_CAPTURE_AUTORELEASING = YES;
				CLANG_WARN_BOOL_CONVERSION = YES;
				CLANG_WARN_COMMA = YES;
				CLANG_WARN_CONSTANT_CONVERSION = YES;
				CLANG_WARN_DEPRECATED_OBJC_IMPLEMENTATIONS = YES;
				CLANG_WARN_DIRECT_OBJC_ISA_USAGE = YES_ERROR;
				CLANG_WARN_DOCUMENTATION_COMMENTS = YES;
				CLANG_WARN_EMPTY_BODY = YES;
				CLANG_WARN_ENUM_CONVERSION = YES;
				CLANG_WARN_INFINITE_RECURSION = YES;
				CLANG_WARN_INT_CONVERSION = YES;
				CLANG_WARN_NON_LITERAL_NULL_CONVERSION = YES;
				CLANG_WARN_OBJC_IMPLICIT_RETAIN_SELF = YES;
				CLANG_WARN_OBJC_LITERAL_CONVERSION = YES;
				CLANG_WARN_OBJC_ROOT_CLASS = YES_ERROR;
				CLANG_WARN_QUOTED_INCLUDE_IN_FRAMEWORK_HEADER = YES;
				CLANG_WARN_RANGE_LOOP_ANALYSIS = YES;
				CLANG_WARN_STRICT_PROTOTYPES = YES;
				CLANG_WARN_SUSPICIOUS_MOVE = YES;
				CLANG_WARN_UNGUARDED_AVAILABILITY = YES_AGGRESSIVE;
				CLANG_WARN_UNREACHABLE_CODE = YES;
				CLANG_WARN__DUPLICATE_METHOD_MATCH = YES;
				COPY_PHASE_STRIP = NO;
				DEBUG_INFORMATION_FORMAT = "dwarf-with-dsym";
				ENABLE_NS_ASSERTIONS = NO;
				ENABLE_STRICT_OBJC_MSGSEND = YES;
				ENABLE_USER_SCRIPT_SANDBOXING = YES;
				GCC_C_LANGUAGE_STANDARD = gnu17;
				GCC_NO_COMMON_BLOCKS = YES;
				GCC_WARN_64_TO_32_BIT_CONVERSION = YES;
				GCC_WARN_ABOUT_RETURN_TYPE = YES_ERROR;
				GCC_WARN_UNDECLARED_SELECTOR = YES;
				GCC_WARN_UNINITIALIZED_AUTOS = YES_AGGRESSIVE;
				GCC_WARN_UNUSED_FUNCTION = YES;
				GCC_WARN_UNUSED_VARIABLE = YES;
				IPHONEOS_DEPLOYMENT_TARGET = 14.0;
				LOCALIZATION_PREFERS_STRING_CATALOGS = YES;
				MTL_ENABLE_DEBUG_INFO = NO;
				MTL_FAST_MATH = YES;
				SDKROOT = iphoneos;
				SWIFT_COMPILATION_MODE = wholemodule;
				VALIDATE_PRODUCT = YES;
			};
			name = Release;
		};
		F9EF8AFF2C43CD4D00AB9957 /* Debug */ = {
			isa = XCBuildConfiguration;
			buildSettings = {
				ASSETCATALOG_COMPILER_APPICON_NAME = AppIcon;
				ASSETCATALOG_COMPILER_GLOBAL_ACCENT_COLOR_NAME = AccentColor;
				CODE_SIGN_STYLE = Automatic;
				CURRENT_PROJECT_VERSION = 1;
				DEVELOPMENT_ASSET_PATHS = "\"App721/Preview Content\"";
				ENABLE_PREVIEWS = YES;
				GENERATE_INFOPLIST_FILE = YES;
				INFOPLIST_KEY_CFBundleDisplayName = "Lifestyle Guide";
				INFOPLIST_KEY_UIApplicationSceneManifest_Generation = YES;
				INFOPLIST_KEY_UIApplicationSupportsIndirectInputEvents = YES;
				INFOPLIST_KEY_UILaunchScreen_Generation = YES;
				INFOPLIST_KEY_UILaunchStoryboardName = "Launch Screen.storyboard";
				INFOPLIST_KEY_UISupportedInterfaceOrientations = UIInterfaceOrientationPortrait;
				INFOPLIST_KEY_UISupportedInterfaceOrientations_iPad = "UIInterfaceOrientationLandscapeLeft UIInterfaceOrientationLandscapeRight UIInterfaceOrientationPortrait UIInterfaceOrientationPortraitUpsideDown";
				LD_RUNPATH_SEARCH_PATHS = (
					"$(inherited)",
					"@executable_path/Frameworks",
				);
				MARKETING_VERSION = 1.0;
				PRODUCT_BUNDLE_IDENTIFIER = main.App721;
				PRODUCT_NAME = "$(TARGET_NAME)";
				SUPPORTED_PLATFORMS = "iphoneos iphonesimulator";
				SUPPORTS_MACCATALYST = NO;
				SUPPORTS_MAC_DESIGNED_FOR_IPHONE_IPAD = NO;
				SUPPORTS_XR_DESIGNED_FOR_IPHONE_IPAD = NO;
				SWIFT_EMIT_LOC_STRINGS = YES;
				SWIFT_VERSION = 5.0;
				TARGETED_DEVICE_FAMILY = 1;
			};
			name = Debug;
		};
		F9EF8B002C43CD4D00AB9957 /* Release */ = {
			isa = XCBuildConfiguration;
			buildSettings = {
				ASSETCATALOG_COMPILER_APPICON_NAME = AppIcon;
				ASSETCATALOG_COMPILER_GLOBAL_ACCENT_COLOR_NAME = AccentColor;
				CODE_SIGN_STYLE = Automatic;
				CURRENT_PROJECT_VERSION = 1;
				DEVELOPMENT_ASSET_PATHS = "\"App721/Preview Content\"";
				ENABLE_PREVIEWS = YES;
				GENERATE_INFOPLIST_FILE = YES;
				INFOPLIST_KEY_CFBundleDisplayName = "Lifestyle Guide";
				INFOPLIST_KEY_UIApplicationSceneManifest_Generation = YES;
				INFOPLIST_KEY_UIApplicationSupportsIndirectInputEvents = YES;
				INFOPLIST_KEY_UILaunchScreen_Generation = YES;
				INFOPLIST_KEY_UILaunchStoryboardName = "Launch Screen.storyboard";
				INFOPLIST_KEY_UISupportedInterfaceOrientations = UIInterfaceOrientationPortrait;
				INFOPLIST_KEY_UISupportedInterfaceOrientations_iPad = "UIInterfaceOrientationLandscapeLeft UIInterfaceOrientationLandscapeRight UIInterfaceOrientationPortrait UIInterfaceOrientationPortraitUpsideDown";
				LD_RUNPATH_SEARCH_PATHS = (
					"$(inherited)",
					"@executable_path/Frameworks",
				);
				MARKETING_VERSION = 1.0;
				PRODUCT_BUNDLE_IDENTIFIER = main.App721;
				PRODUCT_NAME = "$(TARGET_NAME)";
				SUPPORTED_PLATFORMS = "iphoneos iphonesimulator";
				SUPPORTS_MACCATALYST = NO;
				SUPPORTS_MAC_DESIGNED_FOR_IPHONE_IPAD = NO;
				SUPPORTS_XR_DESIGNED_FOR_IPHONE_IPAD = NO;
				SWIFT_EMIT_LOC_STRINGS = YES;
				SWIFT_VERSION = 5.0;
				TARGETED_DEVICE_FAMILY = 1;
			};
			name = Release;
		};
/* End XCBuildConfiguration section */

/* Begin XCConfigurationList section */
		F9EF8AEB2C43CD4C00AB9957 /* Build configuration list for PBXProject "App721" */ = {
			isa = XCConfigurationList;
			buildConfigurations = (
				F9EF8AFC2C43CD4D00AB9957 /* Debug */,
				F9EF8AFD2C43CD4D00AB9957 /* Release */,
			);
			defaultConfigurationIsVisible = 0;
			defaultConfigurationName = Release;
		};
		F9EF8AFE2C43CD4D00AB9957 /* Build configuration list for PBXNativeTarget "App721" */ = {
			isa = XCConfigurationList;
			buildConfigurations = (
				F9EF8AFF2C43CD4D00AB9957 /* Debug */,
				F9EF8B002C43CD4D00AB9957 /* Release */,
			);
			defaultConfigurationIsVisible = 0;
			defaultConfigurationName = Release;
		};
/* End XCConfigurationList section */
	};
	rootObject = F9EF8AE82C43CD4C00AB9957 /* Project object */;
}
